
Microsoft Visual Studio Solution File, Format Version 12.00
# Visual Studio 15
VisualStudioVersion = 15.0.27004.2006
MinimumVisualStudioVersion = 10.0.40219.1
Project("{FAE04EC0-301F-11D3-BF4B-00C04F79EFBC}") = "MobileAp", "App2\MobileAp.csproj", "{7E36E699-C625-4C02-9EA3-026C57F05180}"
EndProject
Global
	GlobalSection(SolutionConfigurationPlatforms) = preSolution
		Debug|Any CPU = Debug|Any CPU
		Release|Any CPU = Release|Any CPU
	EndGlobalSection
	GlobalSection(ProjectConfigurationPlatforms) = postSolution
		{7E36E699-C625-4C02-9EA3-026C57F05180}.Debug|Any CPU.ActiveCfg = Debug|Any CPU
		{7E36E699-C625-4C02-9EA3-026C57F05180}.Debug|Any CPU.Build.0 = Debug|Any CPU
		{7E36E699-C625-4C02-9EA3-026C57F05180}.Debug|Any CPU.Deploy.0 = Debug|Any CPU
		{7E36E699-C625-4C02-9EA3-026C57F05180}.Release|Any CPU.ActiveCfg = Release|Any CPU
		{7E36E699-C625-4C02-9EA3-026C57F05180}.Release|Any CPU.Build.0 = Release|Any CPU
		{7E36E699-C625-4C02-9EA3-026C57F05180}.Release|Any CPU.Deploy.0 = Release|Any CPU
	EndGlobalSection
	GlobalSection(SolutionProperties) = preSolution
		HideSolutionNode = FALSE
	EndGlobalSection
	GlobalSection(ExtensibilityGlobals) = postSolution
		SolutionGuid = {1059201E-5FD3-4B8C-B427-D4524FB3B2D9}
	EndGlobalSection
EndGlobal
